{
  "name": "package-lock-audit",
  "version": "1.0.2",
  "lockfileVersion": 1,
  "requires": true,
  "dependencies": {
    "reftools": {
      "version": "1.1.8",
      "resolved": "https://registry.npmjs.org/reftools/-/reftools-1.1.8.tgz",
      "integrity": "sha512-Yvz9NH8uFHzD/AXX82Li1GdAP6FzDBxEZw+njerNBBQv/XHihqsWAjNfXtaq4QD2l4TEZVnp4UbktdYSegAM3g=="
    },
    "tiny-opts-parser": {
      "version": "0.0.3",
      "resolved": "https://registry.npmjs.org/tiny-opts-parser/-/tiny-opts-parser-0.0.3.tgz",
      "integrity": "sha1-1sc6f65FiKa7Sh+mgbxmk3a+RRU="
    }
  }
}
